// !$*UTF8*$!
{
	archiveVersion = 1;
	classes = {
	};
	objectVersion = 46;
	objects = {

/* Begin PBXBuildFile section */
		BC062AEC1DF57CC200B6F052 /* AppDelegate.swift in Sources */ = {isa = PBXBuildFile; fileRef = BC062AEB1DF57CC200B6F052 /* AppDelegate.swift */; };
		BC062AEE1DF57CC200B6F052 /* ViewController.swift in Sources */ = {isa = PBXBuildFile; fileRef = BC062AED1DF57CC200B6F052 /* ViewController.swift */; };
		BC062AF11DF57CC200B6F052 /* Main.storyboard in Resources */ = {isa = PBXBuildFile; fileRef = BC062AEF1DF57CC200B6F052 /* Main.storyboard */; };
		BC062AF31DF57CC200B6F052 /* Assets.xcassets in Resources */ = {isa = PBXBuildFile; fileRef = BC062AF21DF57CC200B6F052 /* Assets.xcassets */; };
		BC062AF61DF57CC200B6F052 /* LaunchScreen.storyboard in Resources */ = {isa = PBXBuildFile; fileRef = BC062AF41DF57CC200B6F052 /* LaunchScreen.storyboard */; };
		BC062B101DF57DAD00B6F052 /* AFHTTPSessionManager.m in Sources */ = {isa = PBXBuildFile; fileRef = BC062B031DF57DAD00B6F052 /* AFHTTPSessionManager.m */; };
		BC062B111DF57DAD00B6F052 /* AFNetworkReachabilityManager.m in Sources */ = {isa = PBXBuildFile; fileRef = BC062B061DF57DAD00B6F052 /* AFNetworkReachabilityManager.m */; };
		BC062B121DF57DAD00B6F052 /* AFSecurityPolicy.m in Sources */ = {isa = PBXBuildFile; fileRef = BC062B081DF57DAD00B6F052 /* AFSecurityPolicy.m */; };
		BC062B131DF57DAD00B6F052 /* AFURLRequestSerialization.m in Sources */ = {isa = PBXBuildFile; fileRef = BC062B0A1DF57DAD00B6F052 /* AFURLRequestSerialization.m */; };
		BC062B141DF57DAD00B6F052 /* AFURLResponseSerialization.m in Sources */ = {isa = PBXBuildFile; fileRef = BC062B0C1DF57DAD00B6F052 /* AFURLResponseSerialization.m */; };
		BC062B151DF57DAD00B6F052 /* AFURLSessionManager.m in Sources */ = {isa = PBXBuildFile; fileRef = BC062B0E1DF57DAD00B6F052 /* AFURLSessionManager.m */; };
		BC062B161DF57DAD00B6F052 /* ChufengNetworking.swift in Sources */ = {isa = PBXBuildFile; fileRef = BC062B0F1DF57DAD00B6F052 /* ChufengNetworking.swift */; };
		BC062B221DF57F1A00B6F052 /* BaseViewController.swift in Sources */ = {isa = PBXBuildFile; fileRef = BC062B201DF57F1A00B6F052 /* BaseViewController.swift */; };
		BC062B231DF57F1A00B6F052 /* BaseViewController.xib in Resources */ = {isa = PBXBuildFile; fileRef = BC062B211DF57F1A00B6F052 /* BaseViewController.xib */; };
		BC062B261DF57F2800B6F052 /* leftViewController.swift in Sources */ = {isa = PBXBuildFile; fileRef = BC062B241DF57F2800B6F052 /* leftViewController.swift */; };
		BC062B271DF57F2800B6F052 /* leftViewController.xib in Resources */ = {isa = PBXBuildFile; fileRef = BC062B251DF57F2800B6F052 /* leftViewController.xib */; };
		BC062B2A1DF57F8E00B6F052 /* MessageCell.swift in Sources */ = {isa = PBXBuildFile; fileRef = BC062B281DF57F8E00B6F052 /* MessageCell.swift */; };
		BC062B2B1DF57F8E00B6F052 /* MessageCell.xib in Resources */ = {isa = PBXBuildFile; fileRef = BC062B291DF57F8E00B6F052 /* MessageCell.xib */; };
		BC062B2F1DF5883200B6F052 /* messageModel.swift in Sources */ = {isa = PBXBuildFile; fileRef = BC062B2E1DF5883200B6F052 /* messageModel.swift */; };
		BC062B471DF5933700B6F052 /* JSONModel.m in Sources */ = {isa = PBXBuildFile; fileRef = BC062B351DF5933700B6F052 /* JSONModel.m */; };
		BC062B481DF5933700B6F052 /* JSONModelClassProperty.m in Sources */ = {isa = PBXBuildFile; fileRef = BC062B371DF5933700B6F052 /* JSONModelClassProperty.m */; };
		BC062B491DF5933700B6F052 /* JSONModelError.m in Sources */ = {isa = PBXBuildFile; fileRef = BC062B391DF5933700B6F052 /* JSONModelError.m */; };
		BC062B4A1DF5933700B6F052 /* JSONAPI.m in Sources */ = {isa = PBXBuildFile; fileRef = BC062B3D1DF5933700B6F052 /* JSONAPI.m */; };
		BC062B4B1DF5933700B6F052 /* JSONHTTPClient.m in Sources */ = {isa = PBXBuildFile; fileRef = BC062B3F1DF5933700B6F052 /* JSONHTTPClient.m */; };
		BC062B4C1DF5933700B6F052 /* JSONModel+networking.m in Sources */ = {isa = PBXBuildFile; fileRef = BC062B411DF5933700B6F052 /* JSONModel+networking.m */; };
		BC062B4D1DF5933700B6F052 /* JSONKeyMapper.m in Sources */ = {isa = PBXBuildFile; fileRef = BC062B441DF5933700B6F052 /* JSONKeyMapper.m */; };
		BC062B4E1DF5933700B6F052 /* JSONValueTransformer.m in Sources */ = {isa = PBXBuildFile; fileRef = BC062B461DF5933700B6F052 /* JSONValueTransformer.m */; };
		BCCE35A61DF6543C006A3243 /* rightleftViewController.swift in Sources */ = {isa = PBXBuildFile; fileRef = BCCE35A41DF6543C006A3243 /* rightleftViewController.swift */; };
		BCCE35A71DF6543C006A3243 /* rightleftViewController.xib in Resources */ = {isa = PBXBuildFile; fileRef = BCCE35A51DF6543C006A3243 /* rightleftViewController.xib */; };
		BCCE35FC1DF6AF14006A3243 /* MKAnnotationView+WebCache.m in Sources */ = {isa = PBXBuildFile; fileRef = BCCE35DC1DF6AF14006A3243 /* MKAnnotationView+WebCache.m */; };
		BCCE35FD1DF6AF14006A3243 /* NSData+ImageContentType.m in Sources */ = {isa = PBXBuildFile; fileRef = BCCE35DE1DF6AF14006A3243 /* NSData+ImageContentType.m */; };
		BCCE35FE1DF6AF14006A3243 /* SDImageCache.m in Sources */ = {isa = PBXBuildFile; fileRef = BCCE35E01DF6AF14006A3243 /* SDImageCache.m */; };
		BCCE35FF1DF6AF14006A3243 /* SDWebImageCompat.m in Sources */ = {isa = PBXBuildFile; fileRef = BCCE35E21DF6AF14006A3243 /* SDWebImageCompat.m */; };
		BCCE36001DF6AF14006A3243 /* SDWebImageDecoder.m in Sources */ = {isa = PBXBuildFile; fileRef = BCCE35E41DF6AF14006A3243 /* SDWebImageDecoder.m */; };
		BCCE36011DF6AF14006A3243 /* SDWebImageDownloader.m in Sources */ = {isa = PBXBuildFile; fileRef = BCCE35E61DF6AF14006A3243 /* SDWebImageDownloader.m */; };
		BCCE36021DF6AF14006A3243 /* SDWebImageDownloaderOperation.m in Sources */ = {isa = PBXBuildFile; fileRef = BCCE35E81DF6AF14006A3243 /* SDWebImageDownloaderOperation.m */; };
		BCCE36031DF6AF14006A3243 /* SDWebImageManager.m in Sources */ = {isa = PBXBuildFile; fileRef = BCCE35EA1DF6AF14006A3243 /* SDWebImageManager.m */; };
		BCCE36041DF6AF14006A3243 /* SDWebImagePrefetcher.m in Sources */ = {isa = PBXBuildFile; fileRef = BCCE35ED1DF6AF14006A3243 /* SDWebImagePrefetcher.m */; };
		BCCE36051DF6AF14006A3243 /* UIButton+WebCache.m in Sources */ = {isa = PBXBuildFile; fileRef = BCCE35EF1DF6AF14006A3243 /* UIButton+WebCache.m */; };
		BCCE36061DF6AF14006A3243 /* UIImage+GIF.m in Sources */ = {isa = PBXBuildFile; fileRef = BCCE35F11DF6AF14006A3243 /* UIImage+GIF.m */; };
		BCCE36071DF6AF14006A3243 /* UIImage+MultiFormat.m in Sources */ = {isa = PBXBuildFile; fileRef = BCCE35F31DF6AF14006A3243 /* UIImage+MultiFormat.m */; };
		BCCE36081DF6AF14006A3243 /* UIImage+WebP.m in Sources */ = {isa = PBXBuildFile; fileRef = BCCE35F51DF6AF14006A3243 /* UIImage+WebP.m */; };
		BCCE36091DF6AF14006A3243 /* UIImageView+HighlightedWebCache.m in Sources */ = {isa = PBXBuildFile; fileRef = BCCE35F71DF6AF14006A3243 /* UIImageView+HighlightedWebCache.m */; };
		BCCE360A1DF6AF14006A3243 /* UIImageView+WebCache.m in Sources */ = {isa = PBXBuildFile; fileRef = BCCE35F91DF6AF14006A3243 /* UIImageView+WebCache.m */; };
		BCCE360B1DF6AF14006A3243 /* UIView+WebCacheOperation.m in Sources */ = {isa = PBXBuildFile; fileRef = BCCE35FB1DF6AF14006A3243 /* UIView+WebCacheOperation.m */; };
/* End PBXBuildFile section */

/* Begin PBXFileReference section */
		BC062AE81DF57CC200B6F052 /* momozhushou.app */ = {isa = PBXFileReference; explicitFileType = wrapper.application; includeInIndex = 0; path = momozhushou.app; sourceTree = BUILT_PRODUCTS_DIR; };
		BC062AEB1DF57CC200B6F052 /* AppDelegate.swift */ = {isa = PBXFileReference; lastKnownFileType = sourcecode.swift; path = AppDelegate.swift; sourceTree = "<group>"; };
		BC062AED1DF57CC200B6F052 /* ViewController.swift */ = {isa = PBXFileReference; lastKnownFileType = sourcecode.swift; path = ViewController.swift; sourceTree = "<group>"; };
		BC062AF01DF57CC200B6F052 /* Base */ = {isa = PBXFileReference; lastKnownFileType = file.storyboard; name = Base; path = Base.lproj/Main.storyboard; sourceTree = "<group>"; };
		BC062AF21DF57CC200B6F052 /* Assets.xcassets */ = {isa = PBXFileReference; lastKnownFileType = folder.assetcatalog; path = Assets.xcassets; sourceTree = "<group>"; };
		BC062AF51DF57CC200B6F052 /* Base */ = {isa = PBXFileReference; lastKnownFileType = file.storyboard; name = Base; path = Base.lproj/LaunchScreen.storyboard; sourceTree = "<group>"; };
		BC062AF71DF57CC200B6F052 /* Info.plist */ = {isa = PBXFileReference; lastKnownFileType = text.plist.xml; path = Info.plist; sourceTree = "<group>"; };
		BC062B021DF57DAD00B6F052 /* AFHTTPSessionManager.h */ = {isa = PBXFileReference; fileEncoding = 4; lastKnownFileType = sourcecode.c.h; path = AFHTTPSessionManager.h; sourceTree = "<group>"; };
		BC062B031DF57DAD00B6F052 /* AFHTTPSessionManager.m */ = {isa = PBXFileReference; fileEncoding = 4; lastKnownFileType = sourcecode.c.objc; path = AFHTTPSessionManager.m; sourceTree = "<group>"; };
		BC062B041DF57DAD00B6F052 /* AFNetworking.h */ = {isa = PBXFileReference; fileEncoding = 4; lastKnownFileType = sourcecode.c.h; path = AFNetworking.h; sourceTree = "<group>"; };
		BC062B051DF57DAD00B6F052 /* AFNetworkReachabilityManager.h */ = {isa = PBXFileReference; fileEncoding = 4; lastKnownFileType = sourcecode.c.h; path = AFNetworkReachabilityManager.h; sourceTree = "<group>"; };
		BC062B061DF57DAD00B6F052 /* AFNetworkReachabilityManager.m */ = {isa = PBXFileReference; fileEncoding = 4; lastKnownFileType = sourcecode.c.objc; path = AFNetworkReachabilityManager.m; sourceTree = "<group>"; };
		BC062B071DF57DAD00B6F052 /* AFSecurityPolicy.h */ = {isa = PBXFileReference; fileEncoding = 4; lastKnownFileType = sourcecode.c.h; path = AFSecurityPolicy.h; sourceTree = "<group>"; };
		BC062B081DF57DAD00B6F052 /* AFSecurityPolicy.m */ = {isa = PBXFileReference; fileEncoding = 4; lastKnownFileType = sourcecode.c.objc; path = AFSecurityPolicy.m; sourceTree = "<group>"; };
		BC062B091DF57DAD00B6F052 /* AFURLRequestSerialization.h */ = {isa = PBXFileReference; fileEncoding = 4; lastKnownFileType = sourcecode.c.h; path = AFURLRequestSerialization.h; sourceTree = "<group>"; };
		BC062B0A1DF57DAD00B6F052 /* AFURLRequestSerialization.m */ = {isa = PBXFileReference; fileEncoding = 4; lastKnownFileType = sourcecode.c.objc; path = AFURLRequestSerialization.m; sourceTree = "<group>"; };
		BC062B0B1DF57DAD00B6F052 /* AFURLResponseSerialization.h */ = {isa = PBXFileReference; fileEncoding = 4; lastKnownFileType = sourcecode.c.h; path = AFURLResponseSerialization.h; sourceTree = "<group>"; };
		BC062B0C1DF57DAD00B6F052 /* AFURLResponseSerialization.m */ = {isa = PBXFileReference; fileEncoding = 4; lastKnownFileType = sourcecode.c.objc; path = AFURLResponseSerialization.m; sourceTree = "<group>"; };
		BC062B0D1DF57DAD00B6F052 /* AFURLSessionManager.h */ = {isa = PBXFileReference; fileEncoding = 4; lastKnownFileType = sourcecode.c.h; path = AFURLSessionManager.h; sourceTree = "<group>"; };
		BC062B0E1DF57DAD00B6F052 /* AFURLSessionManager.m */ = {isa = PBXFileReference; fileEncoding = 4; lastKnownFileType = sourcecode.c.objc; path = AFURLSessionManager.m; sourceTree = "<group>"; };
		BC062B0F1DF57DAD00B6F052 /* ChufengNetworking.swift */ = {isa = PBXFileReference; fileEncoding = 4; lastKnownFileType = sourcecode.swift; path = ChufengNetworking.swift; sourceTree = "<group>"; };
		BC062B171DF57DBF00B6F052 /* Header.h */ = {isa = PBXFileReference; lastKnownFileType = sourcecode.c.h; path = Header.h; sourceTree = "<group>"; };
		BC062B201DF57F1A00B6F052 /* BaseViewController.swift */ = {isa = PBXFileReference; fileEncoding = 4; lastKnownFileType = sourcecode.swift; path = BaseViewController.swift; sourceTree = "<group>"; };
		BC062B211DF57F1A00B6F052 /* BaseViewController.xib */ = {isa = PBXFileReference; fileEncoding = 4; lastKnownFileType = file.xib; path = BaseViewController.xib; sourceTree = "<group>"; };
		BC062B241DF57F2800B6F052 /* leftViewController.swift */ = {isa = PBXFileReference; fileEncoding = 4; lastKnownFileType = sourcecode.swift; path = leftViewController.swift; sourceTree = "<group>"; };
		BC062B251DF57F2800B6F052 /* leftViewController.xib */ = {isa = PBXFileReference; fileEncoding = 4; lastKnownFileType = file.xib; path = leftViewController.xib; sourceTree = "<group>"; };
		BC062B281DF57F8E00B6F052 /* MessageCell.swift */ = {isa = PBXFileReference; fileEncoding = 4; lastKnownFileType = sourcecode.swift; path = MessageCell.swift; sourceTree = "<group>"; };
		BC062B291DF57F8E00B6F052 /* MessageCell.xib */ = {isa = PBXFileReference; fileEncoding = 4; lastKnownFileType = file.xib; path = MessageCell.xib; sourceTree = "<group>"; };
		BC062B2E1DF5883200B6F052 /* messageModel.swift */ = {isa = PBXFileReference; fileEncoding = 4; lastKnownFileType = sourcecode.swift; path = messageModel.swift; sourceTree = "<group>"; };
		BC062B341DF5933700B6F052 /* JSONModel.h */ = {isa = PBXFileReference; fileEncoding = 4; lastKnownFileType = sourcecode.c.h; path = JSONModel.h; sourceTree = "<group>"; };
		BC062B351DF5933700B6F052 /* JSONModel.m */ = {isa = PBXFileReference; fileEncoding = 4; lastKnownFileType = sourcecode.c.objc; path = JSONModel.m; sourceTree = "<group>"; };
		BC062B361DF5933700B6F052 /* JSONModelClassProperty.h */ = {isa = PBXFileReference; fileEncoding = 4; lastKnownFileType = sourcecode.c.h; path = JSONModelClassProperty.h; sourceTree = "<group>"; };
		BC062B371DF5933700B6F052 /* JSONModelClassProperty.m */ = {isa = PBXFileReference; fileEncoding = 4; lastKnownFileType = sourcecode.c.objc; path = JSONModelClassProperty.m; sourceTree = "<group>"; };
		BC062B381DF5933700B6F052 /* JSONModelError.h */ = {isa = PBXFileReference; fileEncoding = 4; lastKnownFileType = sourcecode.c.h; path = JSONModelError.h; sourceTree = "<group>"; };
		BC062B391DF5933700B6F052 /* JSONModelError.m */ = {isa = PBXFileReference; fileEncoding = 4; lastKnownFileType = sourcecode.c.objc; path = JSONModelError.m; sourceTree = "<group>"; };
		BC062B3A1DF5933700B6F052 /* JSONModelLib.h */ = {isa = PBXFileReference; fileEncoding = 4; lastKnownFileType = sourcecode.c.h; path = JSONModelLib.h; sourceTree = "<group>"; };
		BC062B3C1DF5933700B6F052 /* JSONAPI.h */ = {isa = PBXFileReference; fileEncoding = 4; lastKnownFileType = sourcecode.c.h; path = JSONAPI.h; sourceTree = "<group>"; };
		BC062B3D1DF5933700B6F052 /* JSONAPI.m */ = {isa = PBXFileReference; fileEncoding = 4; lastKnownFileType = sourcecode.c.objc; path = JSONAPI.m; sourceTree = "<group>"; };
		BC062B3E1DF5933700B6F052 /* JSONHTTPClient.h */ = {isa = PBXFileReference; fileEncoding = 4; lastKnownFileType = sourcecode.c.h; path = JSONHTTPClient.h; sourceTree = "<group>"; };
		BC062B3F1DF5933700B6F052 /* JSONHTTPClient.m */ = {isa = PBXFileReference; fileEncoding = 4; lastKnownFileType = sourcecode.c.objc; path = JSONHTTPClient.m; sourceTree = "<group>"; };
		BC062B401DF5933700B6F052 /* JSONModel+networking.h */ = {isa = PBXFileReference; fileEncoding = 4; lastKnownFileType = sourcecode.c.h; path = "JSONModel+networking.h"; sourceTree = "<group>"; };
		BC062B411DF5933700B6F052 /* JSONModel+networking.m */ = {isa = PBXFileReference; fileEncoding = 4; lastKnownFileType = sourcecode.c.objc; path = "JSONModel+networking.m"; sourceTree = "<group>"; };
		BC062B431DF5933700B6F052 /* JSONKeyMapper.h */ = {isa = PBXFileReference; fileEncoding = 4; lastKnownFileType = sourcecode.c.h; path = JSONKeyMapper.h; sourceTree = "<group>"; };
		BC062B441DF5933700B6F052 /* JSONKeyMapper.m */ = {isa = PBXFileReference; fileEncoding = 4; lastKnownFileType = sourcecode.c.objc; path = JSONKeyMapper.m; sourceTree = "<group>"; };
		BC062B451DF5933700B6F052 /* JSONValueTransformer.h */ = {isa = PBXFileReference; fileEncoding = 4; lastKnownFileType = sourcecode.c.h; path = JSONValueTransformer.h; sourceTree = "<group>"; };
		BC062B461DF5933700B6F052 /* JSONValueTransformer.m */ = {isa = PBXFileReference; fileEncoding = 4; lastKnownFileType = sourcecode.c.objc; path = JSONValueTransformer.m; sourceTree = "<group>"; };
		BCCE35A41DF6543C006A3243 /* rightleftViewController.swift */ = {isa = PBXFileReference; fileEncoding = 4; lastKnownFileType = sourcecode.swift; path = rightleftViewController.swift; sourceTree = "<group>"; };
		BCCE35A51DF6543C006A3243 /* rightleftViewController.xib */ = {isa = PBXFileReference; fileEncoding = 4; lastKnownFileType = file.xib; path = rightleftViewController.xib; sourceTree = "<group>"; };
		BCCE35DB1DF6AF14006A3243 /* MKAnnotationView+WebCache.h */ = {isa = PBXFileReference; fileEncoding = 4; lastKnownFileType = sourcecode.c.h; path = "MKAnnotationView+WebCache.h"; sourceTree = "<group>"; };
		BCCE35DC1DF6AF14006A3243 /* MKAnnotationView+WebCache.m */ = {isa = PBXFileReference; fileEncoding = 4; lastKnownFileType = sourcecode.c.objc; path = "MKAnnotationView+WebCache.m"; sourceTree = "<group>"; };
		BCCE35DD1DF6AF14006A3243 /* NSData+ImageContentType.h */ = {isa = PBXFileReference; fileEncoding = 4; lastKnownFileType = sourcecode.c.h; path = "NSData+ImageContentType.h"; sourceTree = "<group>"; };
		BCCE35DE1DF6AF14006A3243 /* NSData+ImageContentType.m */ = {isa = PBXFileReference; fileEncoding = 4; lastKnownFileType = sourcecode.c.objc; path = "NSData+ImageContentType.m"; sourceTree = "<group>"; };
		BCCE35DF1DF6AF14006A3243 /* SDImageCache.h */ = {isa = PBXFileReference; fileEncoding = 4; lastKnownFileType = sourcecode.c.h; path = SDImageCache.h; sourceTree = "<group>"; };
		BCCE35E01DF6AF14006A3243 /* SDImageCache.m */ = {isa = PBXFileReference; fileEncoding = 4; lastKnownFileType = sourcecode.c.objc; path = SDImageCache.m; sourceTree = "<group>"; };
		BCCE35E11DF6AF14006A3243 /* SDWebImageCompat.h */ = {isa = PBXFileReference; fileEncoding = 4; lastKnownFileType = sourcecode.c.h; path = SDWebImageCompat.h; sourceTree = "<group>"; };
		BCCE35E21DF6AF14006A3243 /* SDWebImageCompat.m */ = {isa = PBXFileReference; fileEncoding = 4; lastKnownFileType = sourcecode.c.objc; path = SDWebImageCompat.m; sourceTree = "<group>"; };
		BCCE35E31DF6AF14006A3243 /* SDWebImageDecoder.h */ = {isa = PBXFileReference; fileEncoding = 4; lastKnownFileType = sourcecode.c.h; path = SDWebImageDecoder.h; sourceTree = "<group>"; };
		BCCE35E41DF6AF14006A3243 /* SDWebImageDecoder.m */ = {isa = PBXFileReference; fileEncoding = 4; lastKnownFileType = sourcecode.c.objc; path = SDWebImageDecoder.m; sourceTree = "<group>"; };
		BCCE35E51DF6AF14006A3243 /* SDWebImageDownloader.h */ = {isa = PBXFileReference; fileEncoding = 4; lastKnownFileType = sourcecode.c.h; path = SDWebImageDownloader.h; sourceTree = "<group>"; };
		BCCE35E61DF6AF14006A3243 /* SDWebImageDownloader.m */ = {isa = PBXFileReference; fileEncoding = 4; lastKnownFileType = sourcecode.c.objc; path = SDWebImageDownloader.m; sourceTree = "<group>"; };
		BCCE35E71DF6AF14006A3243 /* SDWebImageDownloaderOperation.h */ = {isa = PBXFileReference; fileEncoding = 4; lastKnownFileType = sourcecode.c.h; path = SDWebImageDownloaderOperation.h; sourceTree = "<group>"; };
		BCCE35E81DF6AF14006A3243 /* SDWebImageDownloaderOperation.m */ = {isa = PBXFileReference; fileEncoding = 4; lastKnownFileType = sourcecode.c.objc; path = SDWebImageDownloaderOperation.m; sourceTree = "<group>"; };
		BCCE35E91DF6AF14006A3243 /* SDWebImageManager.h */ = {isa = PBXFileReference; fileEncoding = 4; lastKnownFileType = sourcecode.c.h; path = SDWebImageManager.h; sourceTree = "<group>"; };
		BCCE35EA1DF6AF14006A3243 /* SDWebImageManager.m */ = {isa = PBXFileReference; fileEncoding = 4; lastKnownFileType = sourcecode.c.objc; path = SDWebImageManager.m; sourceTree = "<group>"; };
		BCCE35EB1DF6AF14006A3243 /* SDWebImageOperation.h */ = {isa = PBXFileReference; fileEncoding = 4; lastKnownFileType = sourcecode.c.h; path = SDWebImageOperation.h; sourceTree = "<group>"; };
		BCCE35EC1DF6AF14006A3243 /* SDWebImagePrefetcher.h */ = {isa = PBXFileReference; fileEncoding = 4; lastKnownFileType = sourcecode.c.h; path = SDWebImagePrefetcher.h; sourceTree = "<group>"; };
		BCCE35ED1DF6AF14006A3243 /* SDWebImagePrefetcher.m */ = {isa = PBXFileReference; fileEncoding = 4; lastKnownFileType = sourcecode.c.objc; path = SDWebImagePrefetcher.m; sourceTree = "<group>"; };
		BCCE35EE1DF6AF14006A3243 /* UIButton+WebCache.h */ = {isa = PBXFileReference; fileEncoding = 4; lastKnownFileType = sourcecode.c.h; path = "UIButton+WebCache.h"; sourceTree = "<group>"; };
		BCCE35EF1DF6AF14006A3243 /* UIButton+WebCache.m */ = {isa = PBXFileReference; fileEncoding = 4; lastKnownFileType = sourcecode.c.objc; path = "UIButton+WebCache.m"; sourceTree = "<group>"; };
		BCCE35F01DF6AF14006A3243 /* UIImage+GIF.h */ = {isa = PBXFileReference; fileEncoding = 4; lastKnownFileType = sourcecode.c.h; path = "UIImage+GIF.h"; sourceTree = "<group>"; };
		BCCE35F11DF6AF14006A3243 /* UIImage+GIF.m */ = {isa = PBXFileReference; fileEncoding = 4; lastKnownFileType = sourcecode.c.objc; path = "UIImage+GIF.m"; sourceTree = "<group>"; };
		BCCE35F21DF6AF14006A3243 /* UIImage+MultiFormat.h */ = {isa = PBXFileReference; fileEncoding = 4; lastKnownFileType = sourcecode.c.h; path = "UIImage+MultiFormat.h"; sourceTree = "<group>"; };
		BCCE35F31DF6AF14006A3243 /* UIImage+MultiFormat.m */ = {isa = PBXFileReference; fileEncoding = 4; lastKnownFileType = sourcecode.c.objc; path = "UIImage+MultiFormat.m"; sourceTree = "<group>"; };
		BCCE35F41DF6AF14006A3243 /* UIImage+WebP.h */ = {isa = PBXFileReference; fileEncoding = 4; lastKnownFileType = sourcecode.c.h; path = "UIImage+WebP.h"; sourceTree = "<group>"; };
		BCCE35F51DF6AF14006A3243 /* UIImage+WebP.m */ = {isa = PBXFileReference; fileEncoding = 4; lastKnownFileType = sourcecode.c.objc; path = "UIImage+WebP.m"; sourceTree = "<group>"; };
		BCCE35F61DF6AF14006A3243 /* UIImageView+HighlightedWebCache.h */ = {isa = PBXFileReference; fileEncoding = 4; lastKnownFileType = sourcecode.c.h; path = "UIImageView+HighlightedWebCache.h"; sourceTree = "<group>"; };
		BCCE35F71DF6AF14006A3243 /* UIImageView+HighlightedWebCache.m */ = {isa = PBXFileReference; fileEncoding = 4; lastKnownFileType = sourcecode.c.objc; path = "UIImageView+HighlightedWebCache.m"; sourceTree = "<group>"; };
		BCCE35F81DF6AF14006A3243 /* UIImageView+WebCache.h */ = {isa = PBXFileReference; fileEncoding = 4; lastKnownFileType = sourcecode.c.h; path = "UIImageView+WebCache.h"; sourceTree = "<group>"; };
		BCCE35F91DF6AF14006A3243 /* UIImageView+WebCache.m */ = {isa = PBXFileReference; fileEncoding = 4; lastKnownFileType = sourcecode.c.objc; path = "UIImageView+WebCache.m"; sourceTree = "<group>"; };
		BCCE35FA1DF6AF14006A3243 /* UIView+WebCacheOperation.h */ = {isa = PBXFileReference; fileEncoding = 4; lastKnownFileType = sourcecode.c.h; path = "UIView+WebCacheOperation.h"; sourceTree = "<group>"; };
		BCCE35FB1DF6AF14006A3243 /* UIView+WebCacheOperation.m */ = {isa = PBXFileReference; fileEncoding = 4; lastKnownFileType = sourcecode.c.objc; path = "UIView+WebCacheOperation.m"; sourceTree = "<group>"; };
/* End PBXFileReference section */

/* Begin PBXFrameworksBuildPhase section */
		BC062AE51DF57CC200B6F052 /* Frameworks */ = {
			isa = PBXFrameworksBuildPhase;
			buildActionMask = 2147483647;
			files = (
			);
			runOnlyForDeploymentPostprocessing = 0;
		};
/* End PBXFrameworksBuildPhase section */

/* Begin PBXGroup section */
		BC062ADF1DF57CC200B6F052 = {
			isa = PBXGroup;
			children = (
				BC062B311DF5931200B6F052 /* lib */,
				BC062B171DF57DBF00B6F052 /* Header.h */,
				BC062B001DF57D8900B6F052 /* COMMENT */,
				BC062AEA1DF57CC200B6F052 /* momozhushou */,
				BC062AE91DF57CC200B6F052 /* Products */,
			);
			sourceTree = "<group>";
		};
		BC062AE91DF57CC200B6F052 /* Products */ = {
			isa = PBXGroup;
			children = (
				BC062AE81DF57CC200B6F052 /* momozhushou.app */,
			);
			name = Products;
			sourceTree = "<group>";
		};
		BC062AEA1DF57CC200B6F052 /* momozhushou */ = {
			isa = PBXGroup;
			children = (
				BC062AFD1DF57D1500B6F052 /* Controller */,
				BC062AFE1DF57D1500B6F052 /* Model */,
				BC062AFF1DF57D1500B6F052 /* View */,
				BC062AEB1DF57CC200B6F052 /* AppDelegate.swift */,
				BC062AED1DF57CC200B6F052 /* ViewController.swift */,
				BC062AEF1DF57CC200B6F052 /* Main.storyboard */,
				BC062AF21DF57CC200B6F052 /* Assets.xcassets */,
				BC062AF41DF57CC200B6F052 /* LaunchScreen.storyboard */,
				BC062AF71DF57CC200B6F052 /* Info.plist */,
			);
			path = momozhushou;
			sourceTree = "<group>";
		};
		BC062AFD1DF57D1500B6F052 /* Controller */ = {
			isa = PBXGroup;
			children = (
				BC062B201DF57F1A00B6F052 /* BaseViewController.swift */,
				BC062B211DF57F1A00B6F052 /* BaseViewController.xib */,
				BC062B241DF57F2800B6F052 /* leftViewController.swift */,
				BC062B251DF57F2800B6F052 /* leftViewController.xib */,
				BCCE35A41DF6543C006A3243 /* rightleftViewController.swift */,
				BCCE35A51DF6543C006A3243 /* rightleftViewController.xib */,
			);
			path = Controller;
			sourceTree = "<group>";
		};
		BC062AFE1DF57D1500B6F052 /* Model */ = {
			isa = PBXGroup;
			children = (
				BC062B2E1DF5883200B6F052 /* messageModel.swift */,
			);
			path = Model;
			sourceTree = "<group>";
		};
		BC062AFF1DF57D1500B6F052 /* View */ = {
			isa = PBXGroup;
			children = (
				BC062B281DF57F8E00B6F052 /* MessageCell.swift */,
				BC062B291DF57F8E00B6F052 /* MessageCell.xib */,
			);
			path = View;
			sourceTree = "<group>";
		};
		BC062B001DF57D8900B6F052 /* COMMENT */ = {
			isa = PBXGroup;
			children = (
				BC062B011DF57DAD00B6F052 /* AFNetworking */,
			);
			name = COMMENT;
			path = momozhushou/COMMENT;
			sourceTree = "<group>";
		};
		BC062B011DF57DAD00B6F052 /* AFNetworking */ = {
			isa = PBXGroup;
			children = (
				BC062B021DF57DAD00B6F052 /* AFHTTPSessionManager.h */,
				BC062B031DF57DAD00B6F052 /* AFHTTPSessionManager.m */,
				BC062B041DF57DAD00B6F052 /* AFNetworking.h */,
				BC062B051DF57DAD00B6F052 /* AFNetworkReachabilityManager.h */,
				BC062B061DF57DAD00B6F052 /* AFNetworkReachabilityManager.m */,
				BC062B071DF57DAD00B6F052 /* AFSecurityPolicy.h */,
				BC062B081DF57DAD00B6F052 /* AFSecurityPolicy.m */,
				BC062B091DF57DAD00B6F052 /* AFURLRequestSerialization.h */,
				BC062B0A1DF57DAD00B6F052 /* AFURLRequestSerialization.m */,
				BC062B0B1DF57DAD00B6F052 /* AFURLResponseSerialization.h */,
				BC062B0C1DF57DAD00B6F052 /* AFURLResponseSerialization.m */,
				BC062B0D1DF57DAD00B6F052 /* AFURLSessionManager.h */,
				BC062B0E1DF57DAD00B6F052 /* AFURLSessionManager.m */,
				BC062B0F1DF57DAD00B6F052 /* ChufengNetworking.swift */,
			);
			path = AFNetworking;
			sourceTree = "<group>";
		};
		BC062B311DF5931200B6F052 /* lib */ = {
			isa = PBXGroup;
			children = (
				BCCE35DA1DF6AF14006A3243 /* SDWebImage */,
				BC062B321DF5933700B6F052 /* JSONModel */,
			);
			name = lib;
			path = momozhushou/lib;
			sourceTree = "<group>";
		};
		BC062B321DF5933700B6F052 /* JSONModel */ = {
			isa = PBXGroup;
			children = (
				BC062B331DF5933700B6F052 /* JSONModel */,
				BC062B3A1DF5933700B6F052 /* JSONModelLib.h */,
				BC062B3B1DF5933700B6F052 /* JSONModelNetworking */,
				BC062B421DF5933700B6F052 /* JSONModelTransformations */,
			);
			path = JSONModel;
			sourceTree = "<group>";
		};
		BC062B331DF5933700B6F052 /* JSONModel */ = {
			isa = PBXGroup;
			children = (
				BC062B341DF5933700B6F052 /* JSONModel.h */,
				BC062B351DF5933700B6F052 /* JSONModel.m */,
				BC062B361DF5933700B6F052 /* JSONModelClassProperty.h */,
				BC062B371DF5933700B6F052 /* JSONModelClassProperty.m */,
				BC062B381DF5933700B6F052 /* JSONModelError.h */,
				BC062B391DF5933700B6F052 /* JSONModelError.m */,
			);
			path = JSONModel;
			sourceTree = "<group>";
		};
		BC062B3B1DF5933700B6F052 /* JSONModelNetworking */ = {
			isa = PBXGroup;
			children = (
				BC062B3C1DF5933700B6F052 /* JSONAPI.h */,
				BC062B3D1DF5933700B6F052 /* JSONAPI.m */,
				BC062B3E1DF5933700B6F052 /* JSONHTTPClient.h */,
				BC062B3F1DF5933700B6F052 /* JSONHTTPClient.m */,
				BC062B401DF5933700B6F052 /* JSONModel+networking.h */,
				BC062B411DF5933700B6F052 /* JSONModel+networking.m */,
			);
			path = JSONModelNetworking;
			sourceTree = "<group>";
		};
		BC062B421DF5933700B6F052 /* JSONModelTransformations */ = {
			isa = PBXGroup;
			children = (
				BC062B431DF5933700B6F052 /* JSONKeyMapper.h */,
				BC062B441DF5933700B6F052 /* JSONKeyMapper.m */,
				BC062B451DF5933700B6F052 /* JSONValueTransformer.h */,
				BC062B461DF5933700B6F052 /* JSONValueTransformer.m */,
			);
			path = JSONModelTransformations;
			sourceTree = "<group>";
		};
		BCCE35DA1DF6AF14006A3243 /* SDWebImage */ = {
			isa = PBXGroup;
			children = (
				BCCE35DB1DF6AF14006A3243 /* MKAnnotationView+WebCache.h */,
				BCCE35DC1DF6AF14006A3243 /* MKAnnotationView+WebCache.m */,
				BCCE35DD1DF6AF14006A3243 /* NSData+ImageContentType.h */,
				BCCE35DE1DF6AF14006A3243 /* NSData+ImageContentType.m */,
				BCCE35DF1DF6AF14006A3243 /* SDImageCache.h */,
				BCCE35E01DF6AF14006A3243 /* SDImageCache.m */,
				BCCE35E11DF6AF14006A3243 /* SDWebImageCompat.h */,
				BCCE35E21DF6AF14006A3243 /* SDWebImageCompat.m */,
				BCCE35E31DF6AF14006A3243 /* SDWebImageDecoder.h */,
				BCCE35E41DF6AF14006A3243 /* SDWebImageDecoder.m */,
				BCCE35E51DF6AF14006A3243 /* SDWebImageDownloader.h */,
				BCCE35E61DF6AF14006A3243 /* SDWebImageDownloader.m */,
				BCCE35E71DF6AF14006A3243 /* SDWebImageDownloaderOperation.h */,
				BCCE35E81DF6AF14006A3243 /* SDWebImageDownloaderOperation.m */,
				BCCE35E91DF6AF14006A3243 /* SDWebImageManager.h */,
				BCCE35EA1DF6AF14006A3243 /* SDWebImageManager.m */,
				BCCE35EB1DF6AF14006A3243 /* SDWebImageOperation.h */,
				BCCE35EC1DF6AF14006A3243 /* SDWebImagePrefetcher.h */,
				BCCE35ED1DF6AF14006A3243 /* SDWebImagePrefetcher.m */,
				BCCE35EE1DF6AF14006A3243 /* UIButton+WebCache.h */,
				BCCE35EF1DF6AF14006A3243 /* UIButton+WebCache.m */,
				BCCE35F01DF6AF14006A3243 /* UIImage+GIF.h */,
				BCCE35F11DF6AF14006A3243 /* UIImage+GIF.m */,
				BCCE35F21DF6AF14006A3243 /* UIImage+MultiFormat.h */,
				BCCE35F31DF6AF14006A3243 /* UIImage+MultiFormat.m */,
				BCCE35F41DF6AF14006A3243 /* UIImage+WebP.h */,
				BCCE35F51DF6AF14006A3243 /* UIImage+WebP.m */,
				BCCE35F61DF6AF14006A3243 /* UIImageView+HighlightedWebCache.h */,
				BCCE35F71DF6AF14006A3243 /* UIImageView+HighlightedWebCache.m */,
				BCCE35F81DF6AF14006A3243 /* UIImageView+WebCache.h */,
				BCCE35F91DF6AF14006A3243 /* UIImageView+WebCache.m */,
				BCCE35FA1DF6AF14006A3243 /* UIView+WebCacheOperation.h */,
				BCCE35FB1DF6AF14006A3243 /* UIView+WebCacheOperation.m */,
			);
			path = SDWebImage;
			sourceTree = "<group>";
		};
/* End PBXGroup section */

/* Begin PBXNativeTarget section */
		BC062AE71DF57CC200B6F052 /* momozhushou */ = {
			isa = PBXNativeTarget;
			buildConfigurationList = BC062AFA1DF57CC200B6F052 /* Build configuration list for PBXNativeTarget "momozhushou" */;
			buildPhases = (
				BC062AE41DF57CC200B6F052 /* Sources */,
				BC062AE51DF57CC200B6F052 /* Frameworks */,
				BC062AE61DF57CC200B6F052 /* Resources */,
			);
			buildRules = (
			);
			dependencies = (
			);
			name = momozhushou;
			productName = momozhushou;
			productReference = BC062AE81DF57CC200B6F052 /* momozhushou.app */;
			productType = "com.apple.product-type.application";
		};
/* End PBXNativeTarget section */

/* Begin PBXProject section */
		BC062AE01DF57CC200B6F052 /* Project object */ = {
			isa = PBXProject;
			attributes = {
				LastSwiftUpdateCheck = 0730;
				LastUpgradeCheck = 0730;
				ORGANIZATIONNAME = "易达威";
				TargetAttributes = {
					BC062AE71DF57CC200B6F052 = {
						CreatedOnToolsVersion = 7.3.1;
					};
				};
			};
			buildConfigurationList = BC062AE31DF57CC200B6F052 /* Build configuration list for PBXProject "momozhushou" */;
			compatibilityVersion = "Xcode 3.2";
			developmentRegion = English;
			hasScannedForEncodings = 0;
			knownRegions = (
				en,
				Base,
			);
			mainGroup = BC062ADF1DF57CC200B6F052;
			productRefGroup = BC062AE91DF57CC200B6F052 /* Products */;
			projectDirPath = "";
			projectRoot = "";
			targets = (
				BC062AE71DF57CC200B6F052 /* momozhushou */,
			);
		};
/* End PBXProject section */

/* Begin PBXResourcesBuildPhase section */
		BC062AE61DF57CC200B6F052 /* Resources */ = {
			isa = PBXResourcesBuildPhase;
			buildActionMask = 2147483647;
			files = (
				BC062B271DF57F2800B6F052 /* leftViewController.xib in Resources */,
				BC062B2B1DF57F8E00B6F052 /* MessageCell.xib in Resources */,
				BC062AF61DF57CC200B6F052 /* LaunchScreen.storyboard in Resources */,
				BC062B231DF57F1A00B6F052 /* BaseViewController.xib in Resources */,
				BC062AF31DF57CC200B6F052 /* Assets.xcassets in Resources */,
				BC062AF11DF57CC200B6F052 /* Main.storyboard in Resources */,
				BCCE35A71DF6543C006A3243 /* rightleftViewController.xib in Resources */,
			);
			runOnlyForDeploymentPostprocessing = 0;
		};
/* End PBXResourcesBuildPhase section */

/* Begin PBXSourcesBuildPhase section */
		BC062AE41DF57CC200B6F052 /* Sources */ = {
			isa = PBXSourcesBuildPhase;
			buildActionMask = 2147483647;
			files = (
				BCCE36061DF6AF14006A3243 /* UIImage+GIF.m in Sources */,
				BC062B4B1DF5933700B6F052 /* JSONHTTPClient.m in Sources */,
				BC062B491DF5933700B6F052 /* JSONModelError.m in Sources */,
				BC062B4C1DF5933700B6F052 /* JSONModel+networking.m in Sources */,
				BC062B101DF57DAD00B6F052 /* AFHTTPSessionManager.m in Sources */,
				BC062B151DF57DAD00B6F052 /* AFURLSessionManager.m in Sources */,
				BCCE36051DF6AF14006A3243 /* UIButton+WebCache.m in Sources */,
				BC062B481DF5933700B6F052 /* JSONModelClassProperty.m in Sources */,
				BCCE36071DF6AF14006A3243 /* UIImage+MultiFormat.m in Sources */,
				BC062B121DF57DAD00B6F052 /* AFSecurityPolicy.m in Sources */,
				BCCE36001DF6AF14006A3243 /* SDWebImageDecoder.m in Sources */,
				BC062B2F1DF5883200B6F052 /* messageModel.swift in Sources */,
				BCCE360A1DF6AF14006A3243 /* UIImageView+WebCache.m in Sources */,
				BC062B4A1DF5933700B6F052 /* JSONAPI.m in Sources */,
				BC062AEE1DF57CC200B6F052 /* ViewController.swift in Sources */,
				BCCE35FD1DF6AF14006A3243 /* NSData+ImageContentType.m in Sources */,
				BCCE36011DF6AF14006A3243 /* SDWebImageDownloader.m in Sources */,
				BC062B161DF57DAD00B6F052 /* ChufengNetworking.swift in Sources */,
				BC062B4E1DF5933700B6F052 /* JSONValueTransformer.m in Sources */,
				BCCE36091DF6AF14006A3243 /* UIImageView+HighlightedWebCache.m in Sources */,
				BCCE35A61DF6543C006A3243 /* rightleftViewController.swift in Sources */,
				BC062B2A1DF57F8E00B6F052 /* MessageCell.swift in Sources */,
				BC062B471DF5933700B6F052 /* JSONModel.m in Sources */,
				BC062B221DF57F1A00B6F052 /* BaseViewController.swift in Sources */,
				BCCE360B1DF6AF14006A3243 /* UIView+WebCacheOperation.m in Sources */,
				BCCE35FF1DF6AF14006A3243 /* SDWebImageCompat.m in Sources */,
				BC062B4D1DF5933700B6F052 /* JSONKeyMapper.m in Sources */,
				BCCE35FC1DF6AF14006A3243 /* MKAnnotationView+WebCache.m in Sources */,
				BC062B261DF57F2800B6F052 /* leftViewController.swift in Sources */,
				BC062B131DF57DAD00B6F052 /* AFURLRequestSerialization.m in Sources */,
				BCCE36041DF6AF14006A3243 /* SDWebImagePrefetcher.m in Sources */,
				BC062B111DF57DAD00B6F052 /* AFNetworkReachabilityManager.m in Sources */,
				BCCE36021DF6AF14006A3243 /* SDWebImageDownloaderOperation.m in Sources */,
				BC062B141DF57DAD00B6F052 /* AFURLResponseSerialization.m in Sources */,
				BCCE36031DF6AF14006A3243 /* SDWebImageManager.m in Sources */,
				BCCE36081DF6AF14006A3243 /* UIImage+WebP.m in Sources */,
				BC062AEC1DF57CC200B6F052 /* AppDelegate.swift in Sources */,
				BCCE35FE1DF6AF14006A3243 /* SDImageCache.m in Sources */,
			);
			runOnlyForDeploymentPostprocessing = 0;
		};
/* End PBXSourcesBuildPhase section */

/* Begin PBXVariantGroup section */
		BC062AEF1DF57CC200B6F052 /* Main.storyboard */ = {
			isa = PBXVariantGroup;
			children = (
				BC062AF01DF57CC200B6F052 /* Base */,
			);
			name = Main.storyboard;
			sourceTree = "<group>";
		};
		BC062AF41DF57CC200B6F052 /* LaunchScreen.storyboard */ = {
			isa = PBXVariantGroup;
			children = (
				BC062AF51DF57CC200B6F052 /* Base */,
			);
			name = LaunchScreen.storyboard;
			sourceTree = "<group>";
		};
/* End PBXVariantGroup section */

/* Begin XCBuildConfiguration section */
		BC062AF81DF57CC200B6F052 /* Debug */ = {
			isa = XCBuildConfiguration;
			buildSettings = {
				ALWAYS_SEARCH_USER_PATHS = NO;
				CLANG_ANALYZER_NONNULL = YES;
				CLANG_CXX_LANGUAGE_STANDARD = "gnu++0x";
				CLANG_CXX_LIBRARY = "libc++";
				CLANG_ENABLE_MODULES = YES;
				CLANG_ENABLE_OBJC_ARC = YES;
				CLANG_WARN_BOOL_CONVERSION = YES;
				CLANG_WARN_CONSTANT_CONVERSION = YES;
				CLANG_WARN_DIRECT_OBJC_ISA_USAGE = YES_ERROR;
				CLANG_WARN_EMPTY_BODY = YES;
				CLANG_WARN_ENUM_CONVERSION = YES;
				CLANG_WARN_INT_CONVERSION = YES;
				CLANG_WARN_OBJC_ROOT_CLASS = YES_ERROR;
				CLANG_WARN_UNREACHABLE_CODE = YES;
				CLANG_WARN__DUPLICATE_METHOD_MATCH = YES;
				"CODE_SIGN_IDENTITY[sdk=iphoneos*]" = "iPhone Developer";
				COPY_PHASE_STRIP = NO;
				DEBUG_INFORMATION_FORMAT = dwarf;
				ENABLE_STRICT_OBJC_MSGSEND = YES;
				ENABLE_TESTABILITY = YES;
				GCC_C_LANGUAGE_STANDARD = gnu99;
				GCC_DYNAMIC_NO_PIC = NO;
				GCC_NO_COMMON_BLOCKS = YES;
				GCC_OPTIMIZATION_LEVEL = 0;
				GCC_PREPROCESSOR_DEFINITIONS = (
					"DEBUG=1",
					"$(inherited)",
				);
				GCC_WARN_64_TO_32_BIT_CONVERSION = YES;
				GCC_WARN_ABOUT_RETURN_TYPE = YES_ERROR;
				GCC_WARN_UNDECLARED_SELECTOR = YES;
				GCC_WARN_UNINITIALIZED_AUTOS = YES_AGGRESSIVE;
				GCC_WARN_UNUSED_FUNCTION = YES;
				GCC_WARN_UNUSED_VARIABLE = YES;
				IPHONEOS_DEPLOYMENT_TARGET = 9.3;
				MTL_ENABLE_DEBUG_INFO = YES;
				ONLY_ACTIVE_ARCH = YES;
				SDKROOT = iphoneos;
				SWIFT_OPTIMIZATION_LEVEL = "-Onone";
				TARGETED_DEVICE_FAMILY = "1,2";
			};
			name = Debug;
		};
		BC062AF91DF57CC200B6F052 /* Release */ = {
			isa = XCBuildConfiguration;
			buildSettings = {
				ALWAYS_SEARCH_USER_PATHS = NO;
				CLANG_ANALYZER_NONNULL = YES;
				CLANG_CXX_LANGUAGE_STANDARD = "gnu++0x";
				CLANG_CXX_LIBRARY = "libc++";
				CLANG_ENABLE_MODULES = YES;
				CLANG_ENABLE_OBJC_ARC = YES;
				CLANG_WARN_BOOL_CONVERSION = YES;
				CLANG_WARN_CONSTANT_CONVERSION = YES;
				CLANG_WARN_DIRECT_OBJC_ISA_USAGE = YES_ERROR;
				CLANG_WARN_EMPTY_BODY = YES;
				CLANG_WARN_ENUM_CONVERSION = YES;
				CLANG_WARN_INT_CONVERSION = YES;
				CLANG_WARN_OBJC_ROOT_CLASS = YES_ERROR;
				CLANG_WARN_UNREACHABLE_CODE = YES;
				CLANG_WARN__DUPLICATE_METHOD_MATCH = YES;
				"CODE_SIGN_IDENTITY[sdk=iphoneos*]" = "iPhone Developer";
				COPY_PHASE_STRIP = NO;
				DEBUG_INFORMATION_FORMAT = "dwarf-with-dsym";
				ENABLE_NS_ASSERTIONS = NO;
				ENABLE_STRICT_OBJC_MSGSEND = YES;
				GCC_C_LANGUAGE_STANDARD = gnu99;
				GCC_NO_COMMON_BLOCKS = YES;
				GCC_WARN_64_TO_32_BIT_CONVERSION = YES;
				GCC_WARN_ABOUT_RETURN_TYPE = YES_ERROR;
				GCC_WARN_UNDECLARED_SELECTOR = YES;
				GCC_WARN_UNINITIALIZED_AUTOS = YES_AGGRESSIVE;
				GCC_WARN_UNUSED_FUNCTION = YES;
				GCC_WARN_UNUSED_VARIABLE = YES;
				IPHONEOS_DEPLOYMENT_TARGET = 9.3;
				MTL_ENABLE_DEBUG_INFO = NO;
				SDKROOT = iphoneos;
				TARGETED_DEVICE_FAMILY = "1,2";
				VALIDATE_PRODUCT = YES;
			};
			name = Release;
		};
		BC062AFB1DF57CC200B6F052 /* Debug */ = {
			isa = XCBuildConfiguration;
			buildSettings = {
				ASSETCATALOG_COMPILER_APPICON_NAME = AppIcon;
				INFOPLIST_FILE = momozhushou/Info.plist;
				LD_RUNPATH_SEARCH_PATHS = "$(inherited) @executable_path/Frameworks";
				PRODUCT_BUNDLE_IDENTIFIER = com.yida.momozhushou;
				PRODUCT_NAME = "$(TARGET_NAME)";
				SWIFT_OBJC_BRIDGING_HEADER = "$(SRCROOT)/Header.h";
			};
			name = Debug;
		};
		BC062AFC1DF57CC200B6F052 /* Release */ = {
			isa = XCBuildConfiguration;
			buildSettings = {
				ASSETCATALOG_COMPILER_APPICON_NAME = AppIcon;
				INFOPLIST_FILE = momozhushou/Info.plist;
				LD_RUNPATH_SEARCH_PATHS = "$(inherited) @executable_path/Frameworks";
				PRODUCT_BUNDLE_IDENTIFIER = com.yida.momozhushou;
				PRODUCT_NAME = "$(TARGET_NAME)";
				SWIFT_OBJC_BRIDGING_HEADER = "$(SRCROOT)/Header.h";
			};
			name = Release;
		};
/* End XCBuildConfiguration section */

/* Begin XCConfigurationList section */
		BC062AE31DF57CC200B6F052 /* Build configuration list for PBXProject "momozhushou" */ = {
			isa = XCConfigurationList;
			buildConfigurations = (
				BC062AF81DF57CC200B6F052 /* Debug */,
				BC062AF91DF57CC200B6F052 /* Release */,
			);
			defaultConfigurationIsVisible = 0;
			defaultConfigurationName = Release;
		};
		BC062AFA1DF57CC200B6F052 /* Build configuration list for PBXNativeTarget "momozhushou" */ = {
			isa = XCConfigurationList;
			buildConfigurations = (
				BC062AFB1DF57CC200B6F052 /* Debug */,
				BC062AFC1DF57CC200B6F052 /* Release */,
			);
			defaultConfigurationIsVisible = 0;
			defaultConfigurationName = Release;
		};
/* End XCConfigurationList section */
	};
	rootObject = BC062AE01DF57CC200B6F052 /* Project object */;
}
